
Microsoft Visual Studio Solution File, Format Version 12.00
# Visual Studio 15
VisualStudioVersion = 15.0.27703.2026
MinimumVisualStudioVersion = 10.0.40219.1
Project("{FAE04EC0-301F-11D3-BF4B-00C04F79EFBC}") = "PermaCulture.Api", "PermaCulture\PermaCulture.Api.csproj", "{864DC676-25C1-468B-987F-2856B693689A}"
EndProject
Project("{FAE04EC0-301F-11D3-BF4B-00C04F79EFBC}") = "PermaCulture.Api.Test", "PermaCulture.Api.Test\PermaCulture.Api.Test.csproj", "{2671C85C-868E-469E-9CAA-F4CCF241F041}"
EndProject
Project("{FAE04EC0-301F-11D3-BF4B-00C04F79EFBC}") = "PermaCulture.Core", "PermaCulture.Core\PermaCulture.Core.csproj", "{C37923E2-374F-4832-99A7-90A47C884D16}"
EndProject
Project("{FAE04EC0-301F-11D3-BF4B-00C04F79EFBC}") = "PermaCulture.Model", "PermaCulture.Model\PermaCulture.Model.csproj", "{FE46CED6-760F-4EC4-BE16-CA32332B4A3B}"
EndProject
Project("{FAE04EC0-301F-11D3-BF4B-00C04F79EFBC}") = "PermaCulture.Repository", "PermaCulture.Repository\PermaCulture.Repository.csproj", "{DA3182B8-4071-4AE9-91EB-0D32C19B126C}"
EndProject
Project("{FAE04EC0-301F-11D3-BF4B-00C04F79EFBC}") = "PermaCulture.Shared", "PermaCulture.Shared\PermaCulture.Shared.csproj", "{167948BF-3D6C-4597-AB80-5BDC73399750}"
EndProject
Project("{FAE04EC0-301F-11D3-BF4B-00C04F79EFBC}") = "PermaCulture.Caching", "PermaCulture.Caching\PermaCulture.Caching.csproj", "{35D75365-26A3-4B74-ACC8-9FA6D17B3A7F}"
EndProject
Project("{FAE04EC0-301F-11D3-BF4B-00C04F79EFBC}") = "PermaCulture.Context", "PermaCulture.Context\PermaCulture.Context.csproj", "{1BAEB80F-5213-43F2-953A-E58D66B71973}"
EndProject
Global
	GlobalSection(SolutionConfigurationPlatforms) = preSolution
		Debug|Any CPU = Debug|Any CPU
		Release|Any CPU = Release|Any CPU
	EndGlobalSection
	GlobalSection(ProjectConfigurationPlatforms) = postSolution
		{864DC676-25C1-468B-987F-2856B693689A}.Debug|Any CPU.ActiveCfg = Debug|Any CPU
		{864DC676-25C1-468B-987F-2856B693689A}.Debug|Any CPU.Build.0 = Debug|Any CPU
		{864DC676-25C1-468B-987F-2856B693689A}.Release|Any CPU.ActiveCfg = Release|Any CPU
		{864DC676-25C1-468B-987F-2856B693689A}.Release|Any CPU.Build.0 = Release|Any CPU
		{2671C85C-868E-469E-9CAA-F4CCF241F041}.Debug|Any CPU.ActiveCfg = Debug|Any CPU
		{2671C85C-868E-469E-9CAA-F4CCF241F041}.Debug|Any CPU.Build.0 = Debug|Any CPU
		{2671C85C-868E-469E-9CAA-F4CCF241F041}.Release|Any CPU.ActiveCfg = Release|Any CPU
		{2671C85C-868E-469E-9CAA-F4CCF241F041}.Release|Any CPU.Build.0 = Release|Any CPU
		{C37923E2-374F-4832-99A7-90A47C884D16}.Debug|Any CPU.ActiveCfg = Debug|Any CPU
		{C37923E2-374F-4832-99A7-90A47C884D16}.Debug|Any CPU.Build.0 = Debug|Any CPU
		{C37923E2-374F-4832-99A7-90A47C884D16}.Release|Any CPU.ActiveCfg = Release|Any CPU
		{C37923E2-374F-4832-99A7-90A47C884D16}.Release|Any CPU.Build.0 = Release|Any CPU
		{FE46CED6-760F-4EC4-BE16-CA32332B4A3B}.Debug|Any CPU.ActiveCfg = Debug|Any CPU
		{FE46CED6-760F-4EC4-BE16-CA32332B4A3B}.Debug|Any CPU.Build.0 = Debug|Any CPU
		{FE46CED6-760F-4EC4-BE16-CA32332B4A3B}.Release|Any CPU.ActiveCfg = Release|Any CPU
		{FE46CED6-760F-4EC4-BE16-CA32332B4A3B}.Release|Any CPU.Build.0 = Release|Any CPU
		{DA3182B8-4071-4AE9-91EB-0D32C19B126C}.Debug|Any CPU.ActiveCfg = Debug|Any CPU
		{DA3182B8-4071-4AE9-91EB-0D32C19B126C}.Debug|Any CPU.Build.0 = Debug|Any CPU
		{DA3182B8-4071-4AE9-91EB-0D32C19B126C}.Release|Any CPU.ActiveCfg = Release|Any CPU
		{DA3182B8-4071-4AE9-91EB-0D32C19B126C}.Release|Any CPU.Build.0 = Release|Any CPU
		{167948BF-3D6C-4597-AB80-5BDC73399750}.Debug|Any CPU.ActiveCfg = Debug|Any CPU
		{167948BF-3D6C-4597-AB80-5BDC73399750}.Debug|Any CPU.Build.0 = Debug|Any CPU
		{167948BF-3D6C-4597-AB80-5BDC73399750}.Release|Any CPU.ActiveCfg = Release|Any CPU
		{167948BF-3D6C-4597-AB80-5BDC73399750}.Release|Any CPU.Build.0 = Release|Any CPU
		{35D75365-26A3-4B74-ACC8-9FA6D17B3A7F}.Debug|Any CPU.ActiveCfg = Debug|Any CPU
		{35D75365-26A3-4B74-ACC8-9FA6D17B3A7F}.Debug|Any CPU.Build.0 = Debug|Any CPU
		{35D75365-26A3-4B74-ACC8-9FA6D17B3A7F}.Release|Any CPU.ActiveCfg = Release|Any CPU
		{35D75365-26A3-4B74-ACC8-9FA6D17B3A7F}.Release|Any CPU.Build.0 = Release|Any CPU
		{1BAEB80F-5213-43F2-953A-E58D66B71973}.Debug|Any CPU.ActiveCfg = Debug|Any CPU
		{1BAEB80F-5213-43F2-953A-E58D66B71973}.Debug|Any CPU.Build.0 = Debug|Any CPU
		{1BAEB80F-5213-43F2-953A-E58D66B71973}.Release|Any CPU.ActiveCfg = Release|Any CPU
		{1BAEB80F-5213-43F2-953A-E58D66B71973}.Release|Any CPU.Build.0 = Release|Any CPU
	EndGlobalSection
	GlobalSection(SolutionProperties) = preSolution
		HideSolutionNode = FALSE
	EndGlobalSection
	GlobalSection(ExtensibilityGlobals) = postSolution
		SolutionGuid = {0A4AFC6A-B9BA-4118-B646-B8F5041E0D13}
	EndGlobalSection
EndGlobal
