
Microsoft Visual Studio Solution File, Format Version 12.00
# Visual Studio 15
VisualStudioVersion = 15.0.27703.2026
MinimumVisualStudioVersion = 10.0.40219.1
Project("{9A19103F-16F7-4668-BE54-9A1E7A4F7556}") = "PermaCulture.Api", "PermaCulture\PermaCulture.Api.csproj", "{864DC676-25C1-468B-987F-2856B693689A}"
EndProject
Project("{9A19103F-16F7-4668-BE54-9A1E7A4F7556}") = "PermaCulture.Api.Test", "PermaCulture.Api.Test\PermaCulture.Api.Test.csproj", "{2671C85C-868E-469E-9CAA-F4CCF241F041}"
EndProject
Project("{9A19103F-16F7-4668-BE54-9A1E7A4F7556}") = "PermaCulture.Core", "PermaCulture.Core\PermaCulture.Core.csproj", "{C37923E2-374F-4832-99A7-90A47C884D16}"
EndProject
Project("{9A19103F-16F7-4668-BE54-9A1E7A4F7556}") = "PermaCulture.Repository", "PermaCulture.Repository\PermaCulture.Repository.csproj", "{DA3182B8-4071-4AE9-91EB-0D32C19B126C}"
EndProject
Project("{9A19103F-16F7-4668-BE54-9A1E7A4F7556}") = "PermaCulture.Shared", "PermaCulture.Shared\PermaCulture.Shared.csproj", "{167948BF-3D6C-4597-AB80-5BDC73399750}"
EndProject
Project("{9A19103F-16F7-4668-BE54-9A1E7A4F7556}") = "PermaCulture.Caching", "PermaCulture.Caching\PermaCulture.Caching.csproj", "{35D75365-26A3-4B74-ACC8-9FA6D17B3A7F}"
EndProject
Project("{9A19103F-16F7-4668-BE54-9A1E7A4F7556}") = "PermaCulture.Context", "PermaCulture.Context\PermaCulture.Context.csproj", "{1BAEB80F-5213-43F2-953A-E58D66B71973}"
EndProject
Project("{9A19103F-16F7-4668-BE54-9A1E7A4F7556}") = "PermaCulture.Entities", "PermaCulture.Entities\PermaCulture.Entities.csproj", "{6A330EAE-D39D-4FB3-B9D0-D07967BBA8CA}"
EndProject
Project("{9A19103F-16F7-4668-BE54-9A1E7A4F7556}") = "PermaCulture.Model", "PermaCulture.Model\PermaCulture.Model.csproj", "{8748A5A1-B1D0-4E0C-A209-FC76F846C0CA}"
EndProject
Global
	GlobalSection(SolutionConfigurationPlatforms) = preSolution
		Debug|Any CPU = Debug|Any CPU
		Release|Any CPU = Release|Any CPU
	EndGlobalSection
	GlobalSection(ProjectConfigurationPlatforms) = postSolution
		{864DC676-25C1-468B-987F-2856B693689A}.Debug|Any CPU.ActiveCfg = Debug|Any CPU
		{864DC676-25C1-468B-987F-2856B693689A}.Debug|Any CPU.Build.0 = Debug|Any CPU
		{864DC676-25C1-468B-987F-2856B693689A}.Release|Any CPU.ActiveCfg = Release|Any CPU
		{864DC676-25C1-468B-987F-2856B693689A}.Release|Any CPU.Build.0 = Release|Any CPU
		{2671C85C-868E-469E-9CAA-F4CCF241F041}.Debug|Any CPU.ActiveCfg = Debug|Any CPU
		{2671C85C-868E-469E-9CAA-F4CCF241F041}.Debug|Any CPU.Build.0 = Debug|Any CPU
		{2671C85C-868E-469E-9CAA-F4CCF241F041}.Release|Any CPU.ActiveCfg = Release|Any CPU
		{2671C85C-868E-469E-9CAA-F4CCF241F041}.Release|Any CPU.Build.0 = Release|Any CPU
		{C37923E2-374F-4832-99A7-90A47C884D16}.Debug|Any CPU.ActiveCfg = Debug|Any CPU
		{C37923E2-374F-4832-99A7-90A47C884D16}.Debug|Any CPU.Build.0 = Debug|Any CPU
		{C37923E2-374F-4832-99A7-90A47C884D16}.Release|Any CPU.ActiveCfg = Release|Any CPU
		{C37923E2-374F-4832-99A7-90A47C884D16}.Release|Any CPU.Build.0 = Release|Any CPU
		{DA3182B8-4071-4AE9-91EB-0D32C19B126C}.Debug|Any CPU.ActiveCfg = Debug|Any CPU
		{DA3182B8-4071-4AE9-91EB-0D32C19B126C}.Debug|Any CPU.Build.0 = Debug|Any CPU
		{DA3182B8-4071-4AE9-91EB-0D32C19B126C}.Release|Any CPU.ActiveCfg = Release|Any CPU
		{DA3182B8-4071-4AE9-91EB-0D32C19B126C}.Release|Any CPU.Build.0 = Release|Any CPU
		{167948BF-3D6C-4597-AB80-5BDC73399750}.Debug|Any CPU.ActiveCfg = Debug|Any CPU
		{167948BF-3D6C-4597-AB80-5BDC73399750}.Debug|Any CPU.Build.0 = Debug|Any CPU
		{167948BF-3D6C-4597-AB80-5BDC73399750}.Release|Any CPU.ActiveCfg = Release|Any CPU
		{167948BF-3D6C-4597-AB80-5BDC73399750}.Release|Any CPU.Build.0 = Release|Any CPU
		{35D75365-26A3-4B74-ACC8-9FA6D17B3A7F}.Debug|Any CPU.ActiveCfg = Debug|Any CPU
		{35D75365-26A3-4B74-ACC8-9FA6D17B3A7F}.Debug|Any CPU.Build.0 = Debug|Any CPU
		{35D75365-26A3-4B74-ACC8-9FA6D17B3A7F}.Release|Any CPU.ActiveCfg = Release|Any CPU
		{35D75365-26A3-4B74-ACC8-9FA6D17B3A7F}.Release|Any CPU.Build.0 = Release|Any CPU
		{1BAEB80F-5213-43F2-953A-E58D66B71973}.Debug|Any CPU.ActiveCfg = Debug|Any CPU
		{1BAEB80F-5213-43F2-953A-E58D66B71973}.Debug|Any CPU.Build.0 = Debug|Any CPU
		{1BAEB80F-5213-43F2-953A-E58D66B71973}.Release|Any CPU.ActiveCfg = Release|Any CPU
		{1BAEB80F-5213-43F2-953A-E58D66B71973}.Release|Any CPU.Build.0 = Release|Any CPU
		{6A330EAE-D39D-4FB3-B9D0-D07967BBA8CA}.Debug|Any CPU.ActiveCfg = Debug|Any CPU
		{6A330EAE-D39D-4FB3-B9D0-D07967BBA8CA}.Debug|Any CPU.Build.0 = Debug|Any CPU
		{6A330EAE-D39D-4FB3-B9D0-D07967BBA8CA}.Release|Any CPU.ActiveCfg = Release|Any CPU
		{6A330EAE-D39D-4FB3-B9D0-D07967BBA8CA}.Release|Any CPU.Build.0 = Release|Any CPU
		{8748A5A1-B1D0-4E0C-A209-FC76F846C0CA}.Debug|Any CPU.ActiveCfg = Debug|Any CPU
		{8748A5A1-B1D0-4E0C-A209-FC76F846C0CA}.Debug|Any CPU.Build.0 = Debug|Any CPU
		{8748A5A1-B1D0-4E0C-A209-FC76F846C0CA}.Release|Any CPU.ActiveCfg = Release|Any CPU
		{8748A5A1-B1D0-4E0C-A209-FC76F846C0CA}.Release|Any CPU.Build.0 = Release|Any CPU
	EndGlobalSection
	GlobalSection(SolutionProperties) = preSolution
		HideSolutionNode = FALSE
	EndGlobalSection
	GlobalSection(ExtensibilityGlobals) = postSolution
		SolutionGuid = {0A4AFC6A-B9BA-4118-B646-B8F5041E0D13}
	EndGlobalSection
EndGlobal
